{
    "_readme": [
        "This file locks the dependencies of your project to a known state",
        "Read more about it at https://getcomposer.org/doc/01-basic-usage.md#installing-dependencies",
        "This file is @generated automatically"
    ],
    "content-hash": "2b71f77007f487dbb0a2f85fa89a8601",
    "packages": [
        {
            "name": "mateusbmp/categorizacao-de-textos",
            "version": "dev-main",
            "source": {
                "type": "git",
                "url": "https://github.com/MateusBMP/categorizacao-de-textos.git",
                "reference": "005a9a87787eb6f7565ca5b84081e6932b295409"
            },
            "dist": {
                "type": "zip",
                "url": "https://api.github.com/repos/MateusBMP/categorizacao-de-textos/zipball/005a9a87787eb6f7565ca5b84081e6932b295409",
                "reference": "005a9a87787eb6f7565ca5b84081e6932b295409",
                "shasum": ""
            },
            "type": "library",
            "autoload": {
                "psr-4": {
                    "App\\": "app/"
                }
            },
            "notification-url": "https://packagist.org/downloads/",
            "license": [
                "MIT"
            ],
            "authors": [
                {
                    "name": "MateusBMP",
                    "email": "mbmp@ic.ufal.br"
                }
            ],
            "description": "Categorização de Textos com o Algoritmo Genético de Holland",
            "time": "2021-01-04T23:44:03+00:00"
        }
    ],
    "packages-dev": [],
    "aliases": [],
    "minimum-stability": "stable",
    "stability-flags": {
        "mateusbmp/categorizacao-de-textos": 20
    },
    "prefer-stable": false,
    "prefer-lowest": false,
    "platform": [],
    "platform-dev": [],
    "plugin-api-version": "1.1.0"
}
